
Microsoft Visual Studio Solution File, Format Version 12.00
# Visual Studio 2013
VisualStudioVersion = 12.0.30501.0
MinimumVisualStudioVersion = 10.0.40219.1
Project("{8BC9CEB8-8B4A-11D0-8D11-00A0C91BC942}") = "ipc", "ipc\ipc.vcxproj", "{896C53B4-9517-429A-911C-1A2B634B8319}"
EndProject
Project("{8BC9CEB8-8B4A-11D0-8D11-00A0C91BC942}") = "sample_client", "sample\sample_client.vcxproj", "{ADD3A329-4FB0-4B04-8C47-98DBFE5A06D4}"
EndProject
Project("{8BC9CEB8-8B4A-11D0-8D11-00A0C91BC942}") = "ipc_dll", "ipc_dll\ipc_dll.vcxproj", "{A808021A-C2FF-4B8D-A24A-B3535BCA0637}"
EndProject
Project("{8BC9CEB8-8B4A-11D0-8D11-00A0C91BC942}") = "sample_dll_client", "sample\sample_dll_client.vcxproj", "{F15D047E-1369-432E-91C0-03E932370D55}"
EndProject
Global
	GlobalSection(SolutionConfigurationPlatforms) = preSolution
		Debug|Win32 = Debug|Win32
		Release|Win32 = Release|Win32
	EndGlobalSection
	GlobalSection(ProjectConfigurationPlatforms) = postSolution
		{896C53B4-9517-429A-911C-1A2B634B8319}.Debug|Win32.ActiveCfg = Debug|Win32
		{896C53B4-9517-429A-911C-1A2B634B8319}.Debug|Win32.Build.0 = Debug|Win32
		{896C53B4-9517-429A-911C-1A2B634B8319}.Release|Win32.ActiveCfg = Release|Win32
		{896C53B4-9517-429A-911C-1A2B634B8319}.Release|Win32.Build.0 = Release|Win32
		{ADD3A329-4FB0-4B04-8C47-98DBFE5A06D4}.Debug|Win32.ActiveCfg = Debug|Win32
		{ADD3A329-4FB0-4B04-8C47-98DBFE5A06D4}.Debug|Win32.Build.0 = Debug|Win32
		{ADD3A329-4FB0-4B04-8C47-98DBFE5A06D4}.Release|Win32.ActiveCfg = Release|Win32
		{ADD3A329-4FB0-4B04-8C47-98DBFE5A06D4}.Release|Win32.Build.0 = Release|Win32
		{A808021A-C2FF-4B8D-A24A-B3535BCA0637}.Debug|Win32.ActiveCfg = Debug|Win32
		{A808021A-C2FF-4B8D-A24A-B3535BCA0637}.Debug|Win32.Build.0 = Debug|Win32
		{A808021A-C2FF-4B8D-A24A-B3535BCA0637}.Release|Win32.ActiveCfg = Release|Win32
		{A808021A-C2FF-4B8D-A24A-B3535BCA0637}.Release|Win32.Build.0 = Release|Win32
		{F15D047E-1369-432E-91C0-03E932370D55}.Debug|Win32.ActiveCfg = Debug|Win32
		{F15D047E-1369-432E-91C0-03E932370D55}.Debug|Win32.Build.0 = Debug|Win32
		{F15D047E-1369-432E-91C0-03E932370D55}.Release|Win32.ActiveCfg = Release|Win32
		{F15D047E-1369-432E-91C0-03E932370D55}.Release|Win32.Build.0 = Release|Win32
	EndGlobalSection
	GlobalSection(SolutionProperties) = preSolution
		HideSolutionNode = FALSE
	EndGlobalSection
EndGlobal
